
Microsoft Visual Studio Solution File, Format Version 12.00
# Visual Studio Version 17
VisualStudioVersion = 17.5.002.0
MinimumVisualStudioVersion = 10.0.40219.1
Project("{9A19103F-16F7-4668-BE54-9A1E7A4F7556}") = "ecosystem", "ecosystem.csproj", "{0DA546F5-6B1C-456A-AD96-4FE7D973A725}"
EndProject
Global
	GlobalSection(SolutionConfigurationPlatforms) = preSolution
		Debug|Any CPU = Debug|Any CPU
		Release|Any CPU = Release|Any CPU
	EndGlobalSection
	GlobalSection(ProjectConfigurationPlatforms) = postSolution
		{0DA546F5-6B1C-456A-AD96-4FE7D973A725}.Debug|Any CPU.ActiveCfg = Debug|Any CPU
		{0DA546F5-6B1C-456A-AD96-4FE7D973A725}.Debug|Any CPU.Build.0 = Debug|Any CPU
		{0DA546F5-6B1C-456A-AD96-4FE7D973A725}.Release|Any CPU.ActiveCfg = Release|Any CPU
		{0DA546F5-6B1C-456A-AD96-4FE7D973A725}.Release|Any CPU.Build.0 = Release|Any CPU
	EndGlobalSection
	GlobalSection(SolutionProperties) = preSolution
		HideSolutionNode = FALSE
	EndGlobalSection
	GlobalSection(ExtensibilityGlobals) = postSolution
		SolutionGuid = {100088EE-A78F-43A6-AFC5-6A3F4F4B7A83}
	EndGlobalSection
EndGlobal
